{
  "name": "improved_portfolio",
  "version": "1.0.0",
  "lockfileVersion": 1,
  "requires": true,
  "dependencies": {
    "routes": {
      "version": "2.1.0",
      "resolved": "https://registry.npmjs.org/routes/-/routes-2.1.0.tgz",
      "integrity": "sha1-R1VxGSpI+ZtsBl3ZJrt16K6D6KI="
    }
  }
}
